
Microsoft Visual Studio Solution File, Format Version 12.00
# Visual Studio Version 16
VisualStudioVersion = 16.0.30907.101
MinimumVisualStudioVersion = 10.0.40219.1
Project("{9A19103F-16F7-4668-BE54-9A1E7A4F7556}") = "RazorCurrencyConverter", "RazorCurrencyConverter.csproj", "{AE1574D1-8108-4C63-B045-7318118AF5EC}"
EndProject
Global
	GlobalSection(SolutionConfigurationPlatforms) = preSolution
		Debug|Any CPU = Debug|Any CPU
		Release|Any CPU = Release|Any CPU
	EndGlobalSection
	GlobalSection(ProjectConfigurationPlatforms) = postSolution
		{AE1574D1-8108-4C63-B045-7318118AF5EC}.Debug|Any CPU.ActiveCfg = Debug|Any CPU
		{AE1574D1-8108-4C63-B045-7318118AF5EC}.Debug|Any CPU.Build.0 = Debug|Any CPU
		{AE1574D1-8108-4C63-B045-7318118AF5EC}.Release|Any CPU.ActiveCfg = Release|Any CPU
		{AE1574D1-8108-4C63-B045-7318118AF5EC}.Release|Any CPU.Build.0 = Release|Any CPU
	EndGlobalSection
	GlobalSection(SolutionProperties) = preSolution
		HideSolutionNode = FALSE
	EndGlobalSection
	GlobalSection(ExtensibilityGlobals) = postSolution
		SolutionGuid = {ECFB1BE2-C533-41A3-A7D2-E2FF53549D6E}
	EndGlobalSection
EndGlobal
